
Microsoft Visual Studio Solution File, Format Version 12.00
# Visual Studio Version 16
VisualStudioVersion = 16.0.33027.164
MinimumVisualStudioVersion = 10.0.40219.1
Project("{FAE04EC0-301F-11D3-BF4B-00C04F79EFBC}") = "Letter.Android", "Letter\Letter.Android\Letter.Android.csproj", "{5E7A8490-7CEF-427E-A278-2FC33D3B16AE}"
EndProject
Project("{9A19103F-16F7-4668-BE54-9A1E7A4F7556}") = "Letter", "Letter\Letter\Letter.csproj", "{C619464B-E76C-4BD5-A65A-83EBC15DAB05}"
EndProject
Global
	GlobalSection(SolutionConfigurationPlatforms) = preSolution
		Debug|Any CPU = Debug|Any CPU
		Release|Any CPU = Release|Any CPU
	EndGlobalSection
	GlobalSection(ProjectConfigurationPlatforms) = postSolution
		{5E7A8490-7CEF-427E-A278-2FC33D3B16AE}.Debug|Any CPU.ActiveCfg = Debug|Any CPU
		{5E7A8490-7CEF-427E-A278-2FC33D3B16AE}.Debug|Any CPU.Build.0 = Debug|Any CPU
		{5E7A8490-7CEF-427E-A278-2FC33D3B16AE}.Debug|Any CPU.Deploy.0 = Debug|Any CPU
		{5E7A8490-7CEF-427E-A278-2FC33D3B16AE}.Release|Any CPU.ActiveCfg = Release|Any CPU
		{5E7A8490-7CEF-427E-A278-2FC33D3B16AE}.Release|Any CPU.Build.0 = Release|Any CPU
		{5E7A8490-7CEF-427E-A278-2FC33D3B16AE}.Release|Any CPU.Deploy.0 = Release|Any CPU
		{C619464B-E76C-4BD5-A65A-83EBC15DAB05}.Debug|Any CPU.ActiveCfg = Debug|Any CPU
		{C619464B-E76C-4BD5-A65A-83EBC15DAB05}.Debug|Any CPU.Build.0 = Debug|Any CPU
		{C619464B-E76C-4BD5-A65A-83EBC15DAB05}.Debug|Any CPU.Deploy.0 = Debug|Any CPU
		{C619464B-E76C-4BD5-A65A-83EBC15DAB05}.Release|Any CPU.ActiveCfg = Release|Any CPU
		{C619464B-E76C-4BD5-A65A-83EBC15DAB05}.Release|Any CPU.Build.0 = Release|Any CPU
		{C619464B-E76C-4BD5-A65A-83EBC15DAB05}.Release|Any CPU.Deploy.0 = Release|Any CPU
	EndGlobalSection
	GlobalSection(SolutionProperties) = preSolution
		HideSolutionNode = FALSE
	EndGlobalSection
	GlobalSection(ExtensibilityGlobals) = postSolution
		SolutionGuid = {9C1CCF7B-18D0-46E4-B568-74B1AE077275}
	EndGlobalSection
EndGlobal
